
Microsoft Visual Studio Solution File, Format Version 12.00
# Visual Studio Version 16
VisualStudioVersion = 16.0.31112.23
MinimumVisualStudioVersion = 10.0.40219.1
Project("{FAE04EC0-301F-11D3-BF4B-00C04F79EFBC}") = "Poker_", "Poker_\Poker_.csproj", "{C112840E-87E1-4CD8-9F57-8DE49426E2DA}"
EndProject
Global
	GlobalSection(SolutionConfigurationPlatforms) = preSolution
		Debug|Any CPU = Debug|Any CPU
		Release|Any CPU = Release|Any CPU
	EndGlobalSection
	GlobalSection(ProjectConfigurationPlatforms) = postSolution
		{C112840E-87E1-4CD8-9F57-8DE49426E2DA}.Debug|Any CPU.ActiveCfg = Debug|Any CPU
		{C112840E-87E1-4CD8-9F57-8DE49426E2DA}.Debug|Any CPU.Build.0 = Debug|Any CPU
		{C112840E-87E1-4CD8-9F57-8DE49426E2DA}.Release|Any CPU.ActiveCfg = Release|Any CPU
		{C112840E-87E1-4CD8-9F57-8DE49426E2DA}.Release|Any CPU.Build.0 = Release|Any CPU
	EndGlobalSection
	GlobalSection(SolutionProperties) = preSolution
		HideSolutionNode = FALSE
	EndGlobalSection
	GlobalSection(ExtensibilityGlobals) = postSolution
		SolutionGuid = {0B152165-4E40-4355-8A35-900BD2092F1B}
	EndGlobalSection
EndGlobal
